{
  "name": "service1",
  "version": "1.0.0",
  "lockfileVersion": 2,
  "requires": true,
  "packages": {
    "": {
      "name": "service1",
      "version": "1.0.0",
      "license": "ISC",
      "dependencies": {
        "@cadl-lang/compiler": "file:../cadl/packages/compiler",
        "@cadl-lang/csdl": "file:../cadl/packages/csdl",
        "@cadl-lang/msgraph": "file:../cadl/packages/msgraph",
        "@cadl-lang/openapi3": "file:../cadl/packages/openapi3",
        "@cadl-lang/rest": "file:../cadl/packages/rest"
      }
    },
    "../cadl/packages/compiler": {
      "version": "0.29.0",
      "license": "MIT",
      "dependencies": {
        "ajv": "~8.9.0",
        "change-case": "~4.1.2",
        "glob": "~7.1.6",
        "js-yaml": "~4.1.0",
        "mkdirp": "~1.0.4",
        "mustache": "~4.2.0",
        "node-fetch": "~3.2.0",
        "node-watch": "~0.7.1",
        "prettier": "~2.5.1",
        "prompts": "~2.4.1",
        "vscode-languageserver": "~7.0.0",
        "vscode-languageserver-textdocument": "~1.0.1",
        "yargs": "~17.3.1"
      },
      "bin": {
        "cadl": "cmd/cadl.js",
        "cadl-server": "cmd/cadl-server.js"
      },
      "devDependencies": {
        "@cadl-lang/eslint-config-cadl": "~0.2.0",
        "@types/glob": "~7.1.3",
        "@types/js-yaml": "~4.0.1",
        "@types/mkdirp": "~1.0.1",
        "@types/mocha": "~9.1.0",
        "@types/mustache": "~4.1.2",
        "@types/node": "~14.0.27",
        "@types/prettier": "^2.0.2",
        "@types/prompts": "~2.0.14",
        "@types/yargs": "~17.0.2",
        "c8": "~7.11.0",
        "eslint": "^8.7.0",
        "grammarkdown": "~3.1.2",
        "mocha": "~9.2.0",
        "prettier-plugin-organize-imports": "~2.3.4",
        "rimraf": "~3.0.2",
        "source-map-support": "~0.5.19",
        "typescript": "~4.5.5"
      },
      "engines": {
        "node": ">=14.0.0"
      }
    },
    "../cadl/packages/csdl": {
      "version": "0.1.0",
      "license": "MIT",
      "dependencies": {
        "@cadl-lang/compiler": "~0.29.0",
        "@cadl-lang/rest": "~0.12.0",
        "@xmldom/xmldom": "~0.8.1"
      },
      "devDependencies": {
        "@types/node": "~14.0.27",
        "@types/prettier": "^2.0.2",
        "typescript": "~4.5.5"
      },
      "engines": {
        "node": ">=14.0.0"
      }
    },
    "../cadl/packages/msgraph": {
      "version": "0.1.0",
      "license": "MIT",
      "dependencies": {
        "@cadl-lang/compiler": "~0.29.0",
        "@cadl-lang/rest": "~0.12.0",
        "@xmldom/xmldom": "~0.8.1"
      },
      "devDependencies": {
        "@types/node": "~14.0.27",
        "@types/prettier": "^2.0.2",
        "typescript": "~4.5.5"
      },
      "engines": {
        "node": ">=14.0.0"
      }
    },
    "../cadl/packages/openapi3": {
      "version": "0.9.0",
      "license": "MIT",
      "devDependencies": {
        "@cadl-lang/compiler": "~0.29.0",
        "@cadl-lang/eslint-config-cadl": "~0.2.0",
        "@cadl-lang/openapi": "~0.7.0",
        "@cadl-lang/rest": "~0.12.0",
        "@cadl-lang/versioning": "~0.3.2",
        "@types/mocha": "~9.1.0",
        "@types/node": "~14.0.27",
        "c8": "~7.11.0",
        "eslint": "^8.7.0",
        "mocha": "~9.2.0",
        "rimraf": "~3.0.2",
        "typescript": "~4.5.5"
      },
      "engines": {
        "node": ">=14.0.0"
      },
      "peerDependencies": {
        "@cadl-lang/compiler": "~0.29.0",
        "@cadl-lang/openapi": "~0.7.0",
        "@cadl-lang/rest": "~0.12.0",
        "@cadl-lang/versioning": "~0.3.2"
      }
    },
    "../cadl/packages/rest": {
      "version": "0.12.0",
      "license": "MIT",
      "devDependencies": {
        "@cadl-lang/compiler": "~0.29.0",
        "@cadl-lang/eslint-config-cadl": "~0.2.0",
        "@types/mocha": "~9.1.0",
        "@types/node": "~14.0.27",
        "c8": "~7.11.0",
        "eslint": "^8.7.0",
        "mocha": "~9.2.0",
        "rimraf": "~3.0.2",
        "typescript": "~4.5.5"
      },
      "engines": {
        "node": ">=14.0.0"
      },
      "peerDependencies": {
        "@cadl-lang/compiler": "~0.29.0"
      }
    },
    "node_modules/@cadl-lang/compiler": {
      "resolved": "../cadl/packages/compiler",
      "link": true
    },
    "node_modules/@cadl-lang/csdl": {
      "resolved": "../cadl/packages/csdl",
      "link": true
    },
    "node_modules/@cadl-lang/msgraph": {
      "resolved": "../cadl/packages/msgraph",
      "link": true
    },
    "node_modules/@cadl-lang/openapi3": {
      "resolved": "../cadl/packages/openapi3",
      "link": true
    },
    "node_modules/@cadl-lang/rest": {
      "resolved": "../cadl/packages/rest",
      "link": true
    }
  },
  "dependencies": {
    "@cadl-lang/compiler": {
      "version": "file:../cadl/packages/compiler",
      "requires": {
        "@cadl-lang/eslint-config-cadl": "~0.2.0",
        "@types/glob": "~7.1.3",
        "@types/js-yaml": "~4.0.1",
        "@types/mkdirp": "~1.0.1",
        "@types/mocha": "~9.1.0",
        "@types/mustache": "~4.1.2",
        "@types/node": "~14.0.27",
        "@types/prettier": "^2.0.2",
        "@types/prompts": "~2.0.14",
        "@types/yargs": "~17.0.2",
        "ajv": "~8.9.0",
        "c8": "~7.11.0",
        "change-case": "~4.1.2",
        "eslint": "^8.7.0",
        "glob": "~7.1.6",
        "grammarkdown": "~3.1.2",
        "js-yaml": "~4.1.0",
        "mkdirp": "~1.0.4",
        "mocha": "~9.2.0",
        "mustache": "~4.2.0",
        "node-fetch": "~3.2.0",
        "node-watch": "~0.7.1",
        "prettier": "~2.5.1",
        "prettier-plugin-organize-imports": "~2.3.4",
        "prompts": "~2.4.1",
        "rimraf": "~3.0.2",
        "source-map-support": "~0.5.19",
        "typescript": "~4.5.5",
        "vscode-languageserver": "~7.0.0",
        "vscode-languageserver-textdocument": "~1.0.1",
        "yargs": "~17.3.1"
      }
    },
    "@cadl-lang/csdl": {
      "version": "file:../cadl/packages/csdl",
      "requires": {
        "@cadl-lang/compiler": "~0.29.0",
        "@cadl-lang/rest": "~0.12.0",
        "@types/node": "~14.0.27",
        "@types/prettier": "^2.0.2",
        "@xmldom/xmldom": "~0.8.1",
        "typescript": "~4.5.5"
      }
    },
    "@cadl-lang/msgraph": {
      "version": "file:../cadl/packages/msgraph",
      "requires": {
        "@cadl-lang/compiler": "~0.29.0",
        "@cadl-lang/rest": "~0.12.0",
        "@types/node": "~14.0.27",
        "@types/prettier": "^2.0.2",
        "@xmldom/xmldom": "~0.8.1",
        "typescript": "~4.5.5"
      }
    },
    "@cadl-lang/openapi3": {
      "version": "file:../cadl/packages/openapi3",
      "requires": {
        "@cadl-lang/compiler": "~0.29.0",
        "@cadl-lang/eslint-config-cadl": "~0.2.0",
        "@cadl-lang/openapi": "~0.7.0",
        "@cadl-lang/rest": "~0.12.0",
        "@cadl-lang/versioning": "~0.3.2",
        "@types/mocha": "~9.1.0",
        "@types/node": "~14.0.27",
        "c8": "~7.11.0",
        "eslint": "^8.7.0",
        "mocha": "~9.2.0",
        "rimraf": "~3.0.2",
        "typescript": "~4.5.5"
      }
    },
    "@cadl-lang/rest": {
      "version": "file:../cadl/packages/rest",
      "requires": {
        "@cadl-lang/compiler": "~0.29.0",
        "@cadl-lang/eslint-config-cadl": "~0.2.0",
        "@types/mocha": "~9.1.0",
        "@types/node": "~14.0.27",
        "c8": "~7.11.0",
        "eslint": "^8.7.0",
        "mocha": "~9.2.0",
        "rimraf": "~3.0.2",
        "typescript": "~4.5.5"
      }
    }
  }
}
